
Microsoft Visual Studio Solution File, Format Version 11.00
# Visual C# Express 2010
Project("{FAE04EC0-301F-11D3-BF4B-00C04F79EFBC}") = "WindowsForms_practice", "WindowsForms_practice\WindowsForms_practice.csproj", "{DE9F5BC5-45D7-4653-A5FC-9FFA49D6AFE3}"
EndProject
Global
	GlobalSection(SolutionConfigurationPlatforms) = preSolution
		Debug|x86 = Debug|x86
		Release|x86 = Release|x86
	EndGlobalSection
	GlobalSection(ProjectConfigurationPlatforms) = postSolution
		{DE9F5BC5-45D7-4653-A5FC-9FFA49D6AFE3}.Debug|x86.ActiveCfg = Debug|x86
		{DE9F5BC5-45D7-4653-A5FC-9FFA49D6AFE3}.Debug|x86.Build.0 = Debug|x86
		{DE9F5BC5-45D7-4653-A5FC-9FFA49D6AFE3}.Release|x86.ActiveCfg = Release|x86
		{DE9F5BC5-45D7-4653-A5FC-9FFA49D6AFE3}.Release|x86.Build.0 = Release|x86
	EndGlobalSection
	GlobalSection(SolutionProperties) = preSolution
		HideSolutionNode = FALSE
	EndGlobalSection
EndGlobal
